
Microsoft Visual Studio Solution File, Format Version 12.00
# Visual Studio Version 17
VisualStudioVersion = 17.5.33424.131
MinimumVisualStudioVersion = 10.0.40219.1
Project("{8BC9CEB8-8B4A-11D0-8D11-00A0C91BC942}") = "SDIApp", "SDIApp.vcxproj", "{3BCD950C-CDCF-40B9-86BC-E435A3C12087}"
EndProject
Global
	GlobalSection(SolutionConfigurationPlatforms) = preSolution
		Debug|x64 = Debug|x64
		Debug|x86 = Debug|x86
		Release|x64 = Release|x64
		Release|x86 = Release|x86
	EndGlobalSection
	GlobalSection(ProjectConfigurationPlatforms) = postSolution
		{3BCD950C-CDCF-40B9-86BC-E435A3C12087}.Debug|x64.ActiveCfg = Debug|x64
		{3BCD950C-CDCF-40B9-86BC-E435A3C12087}.Debug|x64.Build.0 = Debug|x64
		{3BCD950C-CDCF-40B9-86BC-E435A3C12087}.Debug|x86.ActiveCfg = Debug|Win32
		{3BCD950C-CDCF-40B9-86BC-E435A3C12087}.Debug|x86.Build.0 = Debug|Win32
		{3BCD950C-CDCF-40B9-86BC-E435A3C12087}.Release|x64.ActiveCfg = Release|x64
		{3BCD950C-CDCF-40B9-86BC-E435A3C12087}.Release|x64.Build.0 = Release|x64
		{3BCD950C-CDCF-40B9-86BC-E435A3C12087}.Release|x86.ActiveCfg = Release|Win32
		{3BCD950C-CDCF-40B9-86BC-E435A3C12087}.Release|x86.Build.0 = Release|Win32
	EndGlobalSection
	GlobalSection(SolutionProperties) = preSolution
		HideSolutionNode = FALSE
	EndGlobalSection
	GlobalSection(ExtensibilityGlobals) = postSolution
		SolutionGuid = {E906B1D4-18E3-41AD-B753-4C0DCC240B4D}
	EndGlobalSection
EndGlobal
